
Microsoft Visual Studio Solution File, Format Version 12.00
# Visual Studio Version 17
VisualStudioVersion = 17.1.31903.286
MinimumVisualStudioVersion = 10.0.40219.1
Project("{FAE04EC0-301F-11D3-BF4B-00C04F79EFBC}") = "clockanalog", "clockanalog\clockanalog.csproj", "{592C9AC6-C81A-49BB-967E-328199E78A5D}"
EndProject
Global
	GlobalSection(SolutionConfigurationPlatforms) = preSolution
		Debug|Any CPU = Debug|Any CPU
		Release|Any CPU = Release|Any CPU
	EndGlobalSection
	GlobalSection(ProjectConfigurationPlatforms) = postSolution
		{592C9AC6-C81A-49BB-967E-328199E78A5D}.Debug|Any CPU.ActiveCfg = Debug|Any CPU
		{592C9AC6-C81A-49BB-967E-328199E78A5D}.Debug|Any CPU.Build.0 = Debug|Any CPU
		{592C9AC6-C81A-49BB-967E-328199E78A5D}.Release|Any CPU.ActiveCfg = Release|Any CPU
		{592C9AC6-C81A-49BB-967E-328199E78A5D}.Release|Any CPU.Build.0 = Release|Any CPU
	EndGlobalSection
	GlobalSection(SolutionProperties) = preSolution
		HideSolutionNode = FALSE
	EndGlobalSection
	GlobalSection(ExtensibilityGlobals) = postSolution
		SolutionGuid = {54B972CF-0FFD-4E12-93D3-D80A681452BA}
	EndGlobalSection
EndGlobal
